
Microsoft Visual Studio Solution File, Format Version 12.00
# Visual Studio 15
VisualStudioVersion = 15.0.27703.2026
MinimumVisualStudioVersion = 10.0.40219.1
Project("{FAE04EC0-301F-11D3-BF4B-00C04F79EFBC}") = "GAGUI", "GA\GAGUI.csproj", "{D5D01246-6735-47D2-B905-90583F5ED811}"
EndProject
Project("{FAE04EC0-301F-11D3-BF4B-00C04F79EFBC}") = "GABase", "GABase\GABase.csproj", "{77AAA271-21FD-4147-B096-DEA0BD60F68A}"
EndProject
Project("{FAE04EC0-301F-11D3-BF4B-00C04F79EFBC}") = "GABaseTests", "GaBaseTests\GABaseTests.csproj", "{A4399CE3-B9B5-4C54-B58E-34E57DAD4BC7}"
EndProject
Global
	GlobalSection(SolutionConfigurationPlatforms) = preSolution
		Debug|Any CPU = Debug|Any CPU
		Release|Any CPU = Release|Any CPU
	EndGlobalSection
	GlobalSection(ProjectConfigurationPlatforms) = postSolution
		{D5D01246-6735-47D2-B905-90583F5ED811}.Debug|Any CPU.ActiveCfg = Debug|Any CPU
		{D5D01246-6735-47D2-B905-90583F5ED811}.Debug|Any CPU.Build.0 = Debug|Any CPU
		{D5D01246-6735-47D2-B905-90583F5ED811}.Release|Any CPU.ActiveCfg = Release|Any CPU
		{D5D01246-6735-47D2-B905-90583F5ED811}.Release|Any CPU.Build.0 = Release|Any CPU
		{77AAA271-21FD-4147-B096-DEA0BD60F68A}.Debug|Any CPU.ActiveCfg = Debug|Any CPU
		{77AAA271-21FD-4147-B096-DEA0BD60F68A}.Debug|Any CPU.Build.0 = Debug|Any CPU
		{77AAA271-21FD-4147-B096-DEA0BD60F68A}.Release|Any CPU.ActiveCfg = Release|Any CPU
		{77AAA271-21FD-4147-B096-DEA0BD60F68A}.Release|Any CPU.Build.0 = Release|Any CPU
		{A4399CE3-B9B5-4C54-B58E-34E57DAD4BC7}.Debug|Any CPU.ActiveCfg = Debug|Any CPU
		{A4399CE3-B9B5-4C54-B58E-34E57DAD4BC7}.Debug|Any CPU.Build.0 = Debug|Any CPU
		{A4399CE3-B9B5-4C54-B58E-34E57DAD4BC7}.Release|Any CPU.ActiveCfg = Release|Any CPU
		{A4399CE3-B9B5-4C54-B58E-34E57DAD4BC7}.Release|Any CPU.Build.0 = Release|Any CPU
	EndGlobalSection
	GlobalSection(SolutionProperties) = preSolution
		HideSolutionNode = FALSE
	EndGlobalSection
	GlobalSection(ExtensibilityGlobals) = postSolution
		SolutionGuid = {0258FC16-090F-46BD-89DD-05C92680095E}
	EndGlobalSection
	GlobalSection(TeamFoundationVersionControl) = preSolution
		SccNumberOfProjects = 4
		SccEnterpriseProvider = {4CA58AB2-18FA-4F8D-95D4-32DDF27D184C}
		SccTeamFoundationServer = https://carrandas.visualstudio.com/
		SccLocalPath0 = .
		SccProjectUniqueName1 = GA\\GAGUI.csproj
		SccProjectName1 = GA
		SccLocalPath1 = GA
		SccProjectUniqueName2 = GABase\\GABase.csproj
		SccProjectName2 = GABase
		SccLocalPath2 = GABase
		SccProjectUniqueName3 = GaBaseTests\\GaBaseTests.csproj
		SccProjectName3 = GaBaseTests
		SccLocalPath3 = GaBaseTests
	EndGlobalSection
	GlobalSection(MercurialSourceControlSolutionProperties) = preSolution
		SolutionIsControlled = False
		SolutionBindings = <Solution Location In Database>
	EndGlobalSection
EndGlobal
